PODS:
  - NextLevel (0.14.0)
  - SwiftyCam (4.0.0)

DEPENDENCIES:
  - NextLevel (= 0.14.0)
  - SwiftyCam

SPEC REPOS:
  https://github.com/cocoapods/specs.git:
    - NextLevel
    - SwiftyCam

SPEC CHECKSUMS:
  NextLevel: 741b8367150591f0fde53d16c386218e3fd64d30
  SwiftyCam: 6e57914771d972fbe508e759dc9d0150a44a93fd

PODFILE CHECKSUM: bc3e879e875453a39c8f13502face8fbb58b9198

COCOAPODS: 1.7.5
